// !$*UTF8*$!
{
	archiveVersion = 1;
	classes = {
	};
	objectVersion = 50;
	objects = {

/* Begin PBXBuildFile section */
		54EEACE425C31C3100F292CE /* Trekr2_0App.swift in Sources */ = {isa = PBXBuildFile; fileRef = 54EEACD125C31C2C00F292CE /* Trekr2_0App.swift */; };
		54EEACE525C31C3100F292CE /* Trekr2_0App.swift in Sources */ = {isa = PBXBuildFile; fileRef = 54EEACD125C31C2C00F292CE /* Trekr2_0App.swift */; };
		54EEACE625C31C3100F292CE /* ContentView.swift in Sources */ = {isa = PBXBuildFile; fileRef = 54EEACD225C31C2C00F292CE /* ContentView.swift */; };
		54EEACE725C31C3100F292CE /* ContentView.swift in Sources */ = {isa = PBXBuildFile; fileRef = 54EEACD225C31C2C00F292CE /* ContentView.swift */; };
		54EEACE825C31C3100F292CE /* Assets.xcassets in Resources */ = {isa = PBXBuildFile; fileRef = 54EEACD325C31C3000F292CE /* Assets.xcassets */; };
		54EEACE925C31C3100F292CE /* Assets.xcassets in Resources */ = {isa = PBXBuildFile; fileRef = 54EEACD325C31C3000F292CE /* Assets.xcassets */; };
/* End PBXBuildFile section */

/* Begin PBXFileReference section */
		54EEACD125C31C2C00F292CE /* Trekr2_0App.swift */ = {isa = PBXFileReference; lastKnownFileType = sourcecode.swift; path = Trekr2_0App.swift; sourceTree = "<group>"; };
		54EEACD225C31C2C00F292CE /* ContentView.swift */ = {isa = PBXFileReference; lastKnownFileType = sourcecode.swift; path = ContentView.swift; sourceTree = "<group>"; };
		54EEACD325C31C3000F292CE /* Assets.xcassets */ = {isa = PBXFileReference; lastKnownFileType = folder.assetcatalog; path = Assets.xcassets; sourceTree = "<group>"; };
		54EEACD825C31C3000F292CE /* Trekr2.0.app */ = {isa = PBXFileReference; explicitFileType = wrapper.application; includeInIndex = 0; path = Trekr2.0.app; sourceTree = BUILT_PRODUCTS_DIR; };
		54EEACDB25C31C3000F292CE /* Info.plist */ = {isa = PBXFileReference; lastKnownFileType = text.plist.xml; path = Info.plist; sourceTree = "<group>"; };
		54EEACE025C31C3000F292CE /* Trekr2.0.app */ = {isa = PBXFileReference; explicitFileType = wrapper.application; includeInIndex = 0; path = Trekr2.0.app; sourceTree = BUILT_PRODUCTS_DIR; };
		54EEACE225C31C3100F292CE /* Info.plist */ = {isa = PBXFileReference; lastKnownFileType = text.plist.xml; path = Info.plist; sourceTree = "<group>"; };
		54EEACE325C31C3100F292CE /* macOS.entitlements */ = {isa = PBXFileReference; lastKnownFileType = text.plist.entitlements; path = macOS.entitlements; sourceTree = "<group>"; };
/* End PBXFileReference section */

/* Begin PBXFrameworksBuildPhase section */
		54EEACD525C31C3000F292CE /* Frameworks */ = {
			isa = PBXFrameworksBuildPhase;
			buildActionMask = 2147483647;
			files = (
			);
			runOnlyForDeploymentPostprocessing = 0;
		};
		54EEACDD25C31C3000F292CE /* Frameworks */ = {
			isa = PBXFrameworksBuildPhase;
			buildActionMask = 2147483647;
			files = (
			);
			runOnlyForDeploymentPostprocessing = 0;
		};
/* End PBXFrameworksBuildPhase section */

/* Begin PBXGroup section */
		54EEACCB25C31C2B00F292CE = {
			isa = PBXGroup;
			children = (
				54EEACD025C31C2C00F292CE /* Shared */,
				54EEACDA25C31C3000F292CE /* iOS */,
				54EEACE125C31C3100F292CE /* macOS */,
				54EEACD925C31C3000F292CE /* Products */,
			);
			sourceTree = "<group>";
		};
		54EEACD025C31C2C00F292CE /* Shared */ = {
			isa = PBXGroup;
			children = (
				54EEACD125C31C2C00F292CE /* Trekr2_0App.swift */,
				54EEACF425C31C6B00F292CE /* Model */,
				54EEACF525C31C7C00F292CE /* Views */,
				54EEACD325C31C3000F292CE /* Assets.xcassets */,
			);
			path = Shared;
			sourceTree = "<group>";
		};
		54EEACD925C31C3000F292CE /* Products */ = {
			isa = PBXGroup;
			children = (
				54EEACD825C31C3000F292CE /* Trekr2.0.app */,
				54EEACE025C31C3000F292CE /* Trekr2.0.app */,
			);
			name = Products;
			sourceTree = "<group>";
		};
		54EEACDA25C31C3000F292CE /* iOS */ = {
			isa = PBXGroup;
			children = (
				54EEACDB25C31C3000F292CE /* Info.plist */,
			);
			path = iOS;
			sourceTree = "<group>";
		};
		54EEACE125C31C3100F292CE /* macOS */ = {
			isa = PBXGroup;
			children = (
				54EEACE225C31C3100F292CE /* Info.plist */,
				54EEACE325C31C3100F292CE /* macOS.entitlements */,
			);
			path = macOS;
			sourceTree = "<group>";
		};
		54EEACF425C31C6B00F292CE /* Model */ = {
			isa = PBXGroup;
			children = (
			);
			path = Model;
			sourceTree = "<group>";
		};
		54EEACF525C31C7C00F292CE /* Views */ = {
			isa = PBXGroup;
			children = (
				54EEACD225C31C2C00F292CE /* ContentView.swift */,
			);
			path = Views;
			sourceTree = "<group>";
		};
/* End PBXGroup section */

/* Begin PBXNativeTarget section */
		54EEACD725C31C3000F292CE /* Trekr2.0 (iOS) */ = {
			isa = PBXNativeTarget;
			buildConfigurationList = 54EEACEC25C31C3100F292CE /* Build configuration list for PBXNativeTarget "Trekr2.0 (iOS)" */;
			buildPhases = (
				54EEACD425C31C3000F292CE /* Sources */,
				54EEACD525C31C3000F292CE /* Frameworks */,
				54EEACD625C31C3000F292CE /* Resources */,
			);
			buildRules = (
			);
			dependencies = (
			);
			name = "Trekr2.0 (iOS)";
			productName = "Trekr2.0 (iOS)";
			productReference = 54EEACD825C31C3000F292CE /* Trekr2.0.app */;
			productType = "com.apple.product-type.application";
		};
		54EEACDF25C31C3000F292CE /* Trekr2.0 (macOS) */ = {
			isa = PBXNativeTarget;
			buildConfigurationList = 54EEACEF25C31C3100F292CE /* Build configuration list for PBXNativeTarget "Trekr2.0 (macOS)" */;
			buildPhases = (
				54EEACDC25C31C3000F292CE /* Sources */,
				54EEACDD25C31C3000F292CE /* Frameworks */,
				54EEACDE25C31C3000F292CE /* Resources */,
			);
			buildRules = (
			);
			dependencies = (
			);
			name = "Trekr2.0 (macOS)";
			productName = "Trekr2.0 (macOS)";
			productReference = 54EEACE025C31C3000F292CE /* Trekr2.0.app */;
			productType = "com.apple.product-type.application";
		};
/* End PBXNativeTarget section */

/* Begin PBXProject section */
		54EEACCC25C31C2B00F292CE /* Project object */ = {
			isa = PBXProject;
			attributes = {
				LastSwiftUpdateCheck = 1230;
				LastUpgradeCheck = 1230;
				TargetAttributes = {
					54EEACD725C31C3000F292CE = {
						CreatedOnToolsVersion = 12.3;
					};
					54EEACDF25C31C3000F292CE = {
						CreatedOnToolsVersion = 12.3;
					};
				};
			};
			buildConfigurationList = 54EEACCF25C31C2B00F292CE /* Build configuration list for PBXProject "Trekr2.0" */;
			compatibilityVersion = "Xcode 9.3";
			developmentRegion = en;
			hasScannedForEncodings = 0;
			knownRegions = (
				en,
				Base,
			);
			mainGroup = 54EEACCB25C31C2B00F292CE;
			productRefGroup = 54EEACD925C31C3000F292CE /* Products */;
			projectDirPath = "";
			projectRoot = "";
			targets = (
				54EEACD725C31C3000F292CE /* Trekr2.0 (iOS) */,
				54EEACDF25C31C3000F292CE /* Trekr2.0 (macOS) */,
			);
		};
/* End PBXProject section */

/* Begin PBXResourcesBuildPhase section */
		54EEACD625C31C3000F292CE /* Resources */ = {
			isa = PBXResourcesBuildPhase;
			buildActionMask = 2147483647;
			files = (
				54EEACE825C31C3100F292CE /* Assets.xcassets in Resources */,
			);
			runOnlyForDeploymentPostprocessing = 0;
		};
		54EEACDE25C31C3000F292CE /* Resources */ = {
			isa = PBXResourcesBuildPhase;
			buildActionMask = 2147483647;
			files = (
				54EEACE925C31C3100F292CE /* Assets.xcassets in Resources */,
			);
			runOnlyForDeploymentPostprocessing = 0;
		};
/* End PBXResourcesBuildPhase section */

/* Begin PBXSourcesBuildPhase section */
		54EEACD425C31C3000F292CE /* Sources */ = {
			isa = PBXSourcesBuildPhase;
			buildActionMask = 2147483647;
			files = (
				54EEACE625C31C3100F292CE /* ContentView.swift in Sources */,
				54EEACE425C31C3100F292CE /* Trekr2_0App.swift in Sources */,
			);
			runOnlyForDeploymentPostprocessing = 0;
		};
		54EEACDC25C31C3000F292CE /* Sources */ = {
			isa = PBXSourcesBuildPhase;
			buildActionMask = 2147483647;
			files = (
				54EEACE725C31C3100F292CE /* ContentView.swift in Sources */,
				54EEACE525C31C3100F292CE /* Trekr2_0App.swift in Sources */,
			);
			runOnlyForDeploymentPostprocessing = 0;
		};
/* End PBXSourcesBuildPhase section */

/* Begin XCBuildConfiguration section */
		54EEACEA25C31C3100F292CE /* Debug */ = {
			isa = XCBuildConfiguration;
			buildSettings = {
				ALWAYS_SEARCH_USER_PATHS = NO;
				CLANG_ANALYZER_NONNULL = YES;
				CLANG_ANALYZER_NUMBER_OBJECT_CONVERSION = YES_AGGRESSIVE;
				CLANG_CXX_LANGUAGE_STANDARD = "gnu++14";
				CLANG_CXX_LIBRARY = "libc++";
				CLANG_ENABLE_MODULES = YES;
				CLANG_ENABLE_OBJC_ARC = YES;
				CLANG_ENABLE_OBJC_WEAK = YES;
				CLANG_WARN_BLOCK_CAPTURE_AUTORELEASING = YES;
				CLANG_WARN_BOOL_CONVERSION = YES;
				CLANG_WARN_COMMA = YES;
				CLANG_WARN_CONSTANT_CONVERSION = YES;
				CLANG_WARN_DEPRECATED_OBJC_IMPLEMENTATIONS = YES;
				CLANG_WARN_DIRECT_OBJC_ISA_USAGE = YES_ERROR;
				CLANG_WARN_DOCUMENTATION_COMMENTS = YES;
				CLANG_WARN_EMPTY_BODY = YES;
				CLANG_WARN_ENUM_CONVERSION = YES;
				CLANG_WARN_INFINITE_RECURSION = YES;
				CLANG_WARN_INT_CONVERSION = YES;
				CLANG_WARN_NON_LITERAL_NULL_CONVERSION = YES;
				CLANG_WARN_OBJC_IMPLICIT_RETAIN_SELF = YES;
				CLANG_WARN_OBJC_LITERAL_CONVERSION = YES;
				CLANG_WARN_OBJC_ROOT_CLASS = YES_ERROR;
				CLANG_WARN_QUOTED_INCLUDE_IN_FRAMEWORK_HEADER = YES;
				CLANG_WARN_RANGE_LOOP_ANALYSIS = YES;
				CLANG_WARN_STRICT_PROTOTYPES = YES;
				CLANG_WARN_SUSPICIOUS_MOVE = YES;
				CLANG_WARN_UNGUARDED_AVAILABILITY = YES_AGGRESSIVE;
				CLANG_WARN_UNREACHABLE_CODE = YES;
				CLANG_WARN__DUPLICATE_METHOD_MATCH = YES;
				COPY_PHASE_STRIP = NO;
				DEBUG_INFORMATION_FORMAT = dwarf;
				ENABLE_STRICT_OBJC_MSGSEND = YES;
				ENABLE_TESTABILITY = YES;
				GCC_C_LANGUAGE_STANDARD = gnu11;
				GCC_DYNAMIC_NO_PIC = NO;
				GCC_NO_COMMON_BLOCKS = YES;
				GCC_OPTIMIZATION_LEVEL = 0;
				GCC_PREPROCESSOR_DEFINITIONS = (
					"DEBUG=1",
					"$(inherited)",
				);
				GCC_WARN_64_TO_32_BIT_CONVERSION = YES;
				GCC_WARN_ABOUT_RETURN_TYPE = YES_ERROR;
				GCC_WARN_UNDECLARED_SELECTOR = YES;
				GCC_WARN_UNINITIALIZED_AUTOS = YES_AGGRESSIVE;
				GCC_WARN_UNUSED_FUNCTION = YES;
				GCC_WARN_UNUSED_VARIABLE = YES;
				MTL_ENABLE_DEBUG_INFO = INCLUDE_SOURCE;
				MTL_FAST_MATH = YES;
				ONLY_ACTIVE_ARCH = YES;
				SWIFT_ACTIVE_COMPILATION_CONDITIONS = DEBUG;
				SWIFT_OPTIMIZATION_LEVEL = "-Onone";
			};
			name = Debug;
		};
		54EEACEB25C31C3100F292CE /* Release */ = {
			isa = XCBuildConfiguration;
			buildSettings = {
				ALWAYS_SEARCH_USER_PATHS = NO;
				CLANG_ANALYZER_NONNULL = YES;
				CLANG_ANALYZER_NUMBER_OBJECT_CONVERSION = YES_AGGRESSIVE;
				CLANG_CXX_LANGUAGE_STANDARD = "gnu++14";
				CLANG_CXX_LIBRARY = "libc++";
				CLANG_ENABLE_MODULES = YES;
				CLANG_ENABLE_OBJC_ARC = YES;
				CLANG_ENABLE_OBJC_WEAK = YES;
				CLANG_WARN_BLOCK_CAPTURE_AUTORELEASING = YES;
				CLANG_WARN_BOOL_CONVERSION = YES;
				CLANG_WARN_COMMA = YES;
				CLANG_WARN_CONSTANT_CONVERSION = YES;
				CLANG_WARN_DEPRECATED_OBJC_IMPLEMENTATIONS = YES;
				CLANG_WARN_DIRECT_OBJC_ISA_USAGE = YES_ERROR;
				CLANG_WARN_DOCUMENTATION_COMMENTS = YES;
				CLANG_WARN_EMPTY_BODY = YES;
				CLANG_WARN_ENUM_CONVERSION = YES;
				CLANG_WARN_INFINITE_RECURSION = YES;
				CLANG_WARN_INT_CONVERSION = YES;
				CLANG_WARN_NON_LITERAL_NULL_CONVERSION = YES;
				CLANG_WARN_OBJC_IMPLICIT_RETAIN_SELF = YES;
				CLANG_WARN_OBJC_LITERAL_CONVERSION = YES;
				CLANG_WARN_OBJC_ROOT_CLASS = YES_ERROR;
				CLANG_WARN_QUOTED_INCLUDE_IN_FRAMEWORK_HEADER = YES;
				CLANG_WARN_RANGE_LOOP_ANALYSIS = YES;
				CLANG_WARN_STRICT_PROTOTYPES = YES;
				CLANG_WARN_SUSPICIOUS_MOVE = YES;
				CLANG_WARN_UNGUARDED_AVAILABILITY = YES_AGGRESSIVE;
				CLANG_WARN_UNREACHABLE_CODE = YES;
				CLANG_WARN__DUPLICATE_METHOD_MATCH = YES;
				COPY_PHASE_STRIP = NO;
				DEBUG_INFORMATION_FORMAT = "dwarf-with-dsym";
				ENABLE_NS_ASSERTIONS = NO;
				ENABLE_STRICT_OBJC_MSGSEND = YES;
				GCC_C_LANGUAGE_STANDARD = gnu11;
				GCC_NO_COMMON_BLOCKS = YES;
				GCC_WARN_64_TO_32_BIT_CONVERSION = YES;
				GCC_WARN_ABOUT_RETURN_TYPE = YES_ERROR;
				GCC_WARN_UNDECLARED_SELECTOR = YES;
				GCC_WARN_UNINITIALIZED_AUTOS = YES_AGGRESSIVE;
				GCC_WARN_UNUSED_FUNCTION = YES;
				GCC_WARN_UNUSED_VARIABLE = YES;
				MTL_ENABLE_DEBUG_INFO = NO;
				MTL_FAST_MATH = YES;
				SWIFT_COMPILATION_MODE = wholemodule;
				SWIFT_OPTIMIZATION_LEVEL = "-O";
			};
			name = Release;
		};
		54EEACED25C31C3100F292CE /* Debug */ = {
			isa = XCBuildConfiguration;
			buildSettings = {
				ASSETCATALOG_COMPILER_APPICON_NAME = AppIcon;
				ASSETCATALOG_COMPILER_GLOBAL_ACCENT_COLOR_NAME = AccentColor;
				CODE_SIGN_STYLE = Automatic;
				DEVELOPMENT_TEAM = 38A74XPH8R;
				ENABLE_PREVIEWS = YES;
				INFOPLIST_FILE = iOS/Info.plist;
				IPHONEOS_DEPLOYMENT_TARGET = 14.0;
				LD_RUNPATH_SEARCH_PATHS = (
					"$(inherited)",
					"@executable_path/Frameworks",
				);
				PRODUCT_BUNDLE_IDENTIFIER = "ca.li.victoria.Trekr2-0";
				PRODUCT_NAME = Trekr2.0;
				SDKROOT = iphoneos;
				SWIFT_VERSION = 5.0;
				TARGETED_DEVICE_FAMILY = "1,2";
			};
			name = Debug;
		};
		54EEACEE25C31C3100F292CE /* Release */ = {
			isa = XCBuildConfiguration;
			buildSettings = {
				ASSETCATALOG_COMPILER_APPICON_NAME = AppIcon;
				ASSETCATALOG_COMPILER_GLOBAL_ACCENT_COLOR_NAME = AccentColor;
				CODE_SIGN_STYLE = Automatic;
				DEVELOPMENT_TEAM = 38A74XPH8R;
				ENABLE_PREVIEWS = YES;
				INFOPLIST_FILE = iOS/Info.plist;
				IPHONEOS_DEPLOYMENT_TARGET = 14.0;
				LD_RUNPATH_SEARCH_PATHS = (
					"$(inherited)",
					"@executable_path/Frameworks",
				);
				PRODUCT_BUNDLE_IDENTIFIER = "ca.li.victoria.Trekr2-0";
				PRODUCT_NAME = Trekr2.0;
				SDKROOT = iphoneos;
				SWIFT_VERSION = 5.0;
				TARGETED_DEVICE_FAMILY = "1,2";
				VALIDATE_PRODUCT = YES;
			};
			name = Release;
		};
		54EEACF025C31C3100F292CE /* Debug */ = {
			isa = XCBuildConfiguration;
			buildSettings = {
				ASSETCATALOG_COMPILER_APPICON_NAME = AppIcon;
				ASSETCATALOG_COMPILER_GLOBAL_ACCENT_COLOR_NAME = AccentColor;
				CODE_SIGN_ENTITLEMENTS = macOS/macOS.entitlements;
				CODE_SIGN_STYLE = Automatic;
				COMBINE_HIDPI_IMAGES = YES;
				DEVELOPMENT_TEAM = 38A74XPH8R;
				ENABLE_HARDENED_RUNTIME = YES;
				ENABLE_PREVIEWS = YES;
				INFOPLIST_FILE = macOS/Info.plist;
				LD_RUNPATH_SEARCH_PATHS = (
					"$(inherited)",
					"@executable_path/../Frameworks",
				);
				MACOSX_DEPLOYMENT_TARGET = 11.0;
				PRODUCT_BUNDLE_IDENTIFIER = "ca.li.victoria.Trekr2-0";
				PRODUCT_NAME = Trekr2.0;
				SDKROOT = macosx;
				SWIFT_VERSION = 5.0;
			};
			name = Debug;
		};
		54EEACF125C31C3100F292CE /* Release */ = {
			isa = XCBuildConfiguration;
			buildSettings = {
				ASSETCATALOG_COMPILER_APPICON_NAME = AppIcon;
				ASSETCATALOG_COMPILER_GLOBAL_ACCENT_COLOR_NAME = AccentColor;
				CODE_SIGN_ENTITLEMENTS = macOS/macOS.entitlements;
				CODE_SIGN_STYLE = Automatic;
				COMBINE_HIDPI_IMAGES = YES;
				DEVELOPMENT_TEAM = 38A74XPH8R;
				ENABLE_HARDENED_RUNTIME = YES;
				ENABLE_PREVIEWS = YES;
				INFOPLIST_FILE = macOS/Info.plist;
				LD_RUNPATH_SEARCH_PATHS = (
					"$(inherited)",
					"@executable_path/../Frameworks",
				);
				MACOSX_DEPLOYMENT_TARGET = 11.0;
				PRODUCT_BUNDLE_IDENTIFIER = "ca.li.victoria.Trekr2-0";
				PRODUCT_NAME = Trekr2.0;
				SDKROOT = macosx;
				SWIFT_VERSION = 5.0;
			};
			name = Release;
		};
/* End XCBuildConfiguration section */

/* Begin XCConfigurationList section */
		54EEACCF25C31C2B00F292CE /* Build configuration list for PBXProject "Trekr2.0" */ = {
			isa = XCConfigurationList;
			buildConfigurations = (
				54EEACEA25C31C3100F292CE /* Debug */,
				54EEACEB25C31C3100F292CE /* Release */,
			);
			defaultConfigurationIsVisible = 0;
			defaultConfigurationName = Release;
		};
		54EEACEC25C31C3100F292CE /* Build configuration list for PBXNativeTarget "Trekr2.0 (iOS)" */ = {
			isa = XCConfigurationList;
			buildConfigurations = (
				54EEACED25C31C3100F292CE /* Debug */,
				54EEACEE25C31C3100F292CE /* Release */,
			);
			defaultConfigurationIsVisible = 0;
			defaultConfigurationName = Release;
		};
		54EEACEF25C31C3100F292CE /* Build configuration list for PBXNativeTarget "Trekr2.0 (macOS)" */ = {
			isa = XCConfigurationList;
			buildConfigurations = (
				54EEACF025C31C3100F292CE /* Debug */,
				54EEACF125C31C3100F292CE /* Release */,
			);
			defaultConfigurationIsVisible = 0;
			defaultConfigurationName = Release;
		};
/* End XCConfigurationList section */
	};
	rootObject = 54EEACCC25C31C2B00F292CE /* Project object */;
}
